// !$*UTF8*$!
{
	archiveVersion = 1;
	classes = {
	};
	objectVersion = 50;
	objects = {

/* Begin PBXBuildFile section */
		627AAB2E259C25EE000127D7 /* AppDelegate.m in Sources */ = {isa = PBXBuildFile; fileRef = 627AAB2D259C25EE000127D7 /* AppDelegate.m */; };
		627AAB31259C25EE000127D7 /* SceneDelegate.m in Sources */ = {isa = PBXBuildFile; fileRef = 627AAB30259C25EE000127D7 /* SceneDelegate.m */; };
		627AAB34259C25EE000127D7 /* ViewController.m in Sources */ = {isa = PBXBuildFile; fileRef = 627AAB33259C25EE000127D7 /* ViewController.m */; };
		627AAB37259C25EE000127D7 /* Main.storyboard in Resources */ = {isa = PBXBuildFile; fileRef = 627AAB35259C25EE000127D7 /* Main.storyboard */; };
		627AAB39259C25F0000127D7 /* Assets.xcassets in Resources */ = {isa = PBXBuildFile; fileRef = 627AAB38259C25F0000127D7 /* Assets.xcassets */; };
		627AAB3C259C25F0000127D7 /* LaunchScreen.storyboard in Resources */ = {isa = PBXBuildFile; fileRef = 627AAB3A259C25F0000127D7 /* LaunchScreen.storyboard */; };
		627AAB3F259C25F0000127D7 /* main.m in Sources */ = {isa = PBXBuildFile; fileRef = 627AAB3E259C25F0000127D7 /* main.m */; };
		627AAB49259C25F1000127D7 /* B_CategoryTests.m in Sources */ = {isa = PBXBuildFile; fileRef = 627AAB48259C25F1000127D7 /* B_CategoryTests.m */; };
		627AAB54259C25F1000127D7 /* B_CategoryUITests.m in Sources */ = {isa = PBXBuildFile; fileRef = 627AAB53259C25F1000127D7 /* B_CategoryUITests.m */; };
/* End PBXBuildFile section */

/* Begin PBXContainerItemProxy section */
		627AAB45259C25F1000127D7 /* PBXContainerItemProxy */ = {
			isa = PBXContainerItemProxy;
			containerPortal = 627AAB21259C25EE000127D7 /* Project object */;
			proxyType = 1;
			remoteGlobalIDString = 627AAB28259C25EE000127D7;
			remoteInfo = B_Category;
		};
		627AAB50259C25F1000127D7 /* PBXContainerItemProxy */ = {
			isa = PBXContainerItemProxy;
			containerPortal = 627AAB21259C25EE000127D7 /* Project object */;
			proxyType = 1;
			remoteGlobalIDString = 627AAB28259C25EE000127D7;
			remoteInfo = B_Category;
		};
/* End PBXContainerItemProxy section */

/* Begin PBXFileReference section */
		627AAB29259C25EE000127D7 /* B_Category.app */ = {isa = PBXFileReference; explicitFileType = wrapper.application; includeInIndex = 0; path = B_Category.app; sourceTree = BUILT_PRODUCTS_DIR; };
		627AAB2C259C25EE000127D7 /* AppDelegate.h */ = {isa = PBXFileReference; lastKnownFileType = sourcecode.c.h; path = AppDelegate.h; sourceTree = "<group>"; };
		627AAB2D259C25EE000127D7 /* AppDelegate.m */ = {isa = PBXFileReference; lastKnownFileType = sourcecode.c.objc; path = AppDelegate.m; sourceTree = "<group>"; };
		627AAB2F259C25EE000127D7 /* SceneDelegate.h */ = {isa = PBXFileReference; lastKnownFileType = sourcecode.c.h; path = SceneDelegate.h; sourceTree = "<group>"; };
		627AAB30259C25EE000127D7 /* SceneDelegate.m */ = {isa = PBXFileReference; lastKnownFileType = sourcecode.c.objc; path = SceneDelegate.m; sourceTree = "<group>"; };
		627AAB32259C25EE000127D7 /* ViewController.h */ = {isa = PBXFileReference; lastKnownFileType = sourcecode.c.h; path = ViewController.h; sourceTree = "<group>"; };
		627AAB33259C25EE000127D7 /* ViewController.m */ = {isa = PBXFileReference; lastKnownFileType = sourcecode.c.objc; path = ViewController.m; sourceTree = "<group>"; };
		627AAB36259C25EE000127D7 /* Base */ = {isa = PBXFileReference; lastKnownFileType = file.storyboard; name = Base; path = Base.lproj/Main.storyboard; sourceTree = "<group>"; };
		627AAB38259C25F0000127D7 /* Assets.xcassets */ = {isa = PBXFileReference; lastKnownFileType = folder.assetcatalog; path = Assets.xcassets; sourceTree = "<group>"; };
		627AAB3B259C25F0000127D7 /* Base */ = {isa = PBXFileReference; lastKnownFileType = file.storyboard; name = Base; path = Base.lproj/LaunchScreen.storyboard; sourceTree = "<group>"; };
		627AAB3D259C25F0000127D7 /* Info.plist */ = {isa = PBXFileReference; lastKnownFileType = text.plist.xml; path = Info.plist; sourceTree = "<group>"; };
		627AAB3E259C25F0000127D7 /* main.m */ = {isa = PBXFileReference; lastKnownFileType = sourcecode.c.objc; path = main.m; sourceTree = "<group>"; };
		627AAB44259C25F1000127D7 /* B_CategoryTests.xctest */ = {isa = PBXFileReference; explicitFileType = wrapper.cfbundle; includeInIndex = 0; path = B_CategoryTests.xctest; sourceTree = BUILT_PRODUCTS_DIR; };
		627AAB48259C25F1000127D7 /* B_CategoryTests.m */ = {isa = PBXFileReference; lastKnownFileType = sourcecode.c.objc; path = B_CategoryTests.m; sourceTree = "<group>"; };
		627AAB4A259C25F1000127D7 /* Info.plist */ = {isa = PBXFileReference; lastKnownFileType = text.plist.xml; path = Info.plist; sourceTree = "<group>"; };
		627AAB4F259C25F1000127D7 /* B_CategoryUITests.xctest */ = {isa = PBXFileReference; explicitFileType = wrapper.cfbundle; includeInIndex = 0; path = B_CategoryUITests.xctest; sourceTree = BUILT_PRODUCTS_DIR; };
		627AAB53259C25F1000127D7 /* B_CategoryUITests.m */ = {isa = PBXFileReference; lastKnownFileType = sourcecode.c.objc; path = B_CategoryUITests.m; sourceTree = "<group>"; };
		627AAB55259C25F1000127D7 /* Info.plist */ = {isa = PBXFileReference; lastKnownFileType = text.plist.xml; path = Info.plist; sourceTree = "<group>"; };
/* End PBXFileReference section */

/* Begin PBXFrameworksBuildPhase section */
		627AAB26259C25EE000127D7 /* Frameworks */ = {
			isa = PBXFrameworksBuildPhase;
			buildActionMask = 2147483647;
			files = (
			);
			runOnlyForDeploymentPostprocessing = 0;
		};
		627AAB41259C25F1000127D7 /* Frameworks */ = {
			isa = PBXFrameworksBuildPhase;
			buildActionMask = 2147483647;
			files = (
			);
			runOnlyForDeploymentPostprocessing = 0;
		};
		627AAB4C259C25F1000127D7 /* Frameworks */ = {
			isa = PBXFrameworksBuildPhase;
			buildActionMask = 2147483647;
			files = (
			);
			runOnlyForDeploymentPostprocessing = 0;
		};
/* End PBXFrameworksBuildPhase section */

/* Begin PBXGroup section */
		627AAB20259C25EE000127D7 = {
			isa = PBXGroup;
			children = (
				627AAB2B259C25EE000127D7 /* B_Category */,
				627AAB47259C25F1000127D7 /* B_CategoryTests */,
				627AAB52259C25F1000127D7 /* B_CategoryUITests */,
				627AAB2A259C25EE000127D7 /* Products */,
			);
			sourceTree = "<group>";
		};
		627AAB2A259C25EE000127D7 /* Products */ = {
			isa = PBXGroup;
			children = (
				627AAB29259C25EE000127D7 /* B_Category.app */,
				627AAB44259C25F1000127D7 /* B_CategoryTests.xctest */,
				627AAB4F259C25F1000127D7 /* B_CategoryUITests.xctest */,
			);
			name = Products;
			sourceTree = "<group>";
		};
		627AAB2B259C25EE000127D7 /* B_Category */ = {
			isa = PBXGroup;
			children = (
				627AAB2C259C25EE000127D7 /* AppDelegate.h */,
				627AAB2D259C25EE000127D7 /* AppDelegate.m */,
				627AAB2F259C25EE000127D7 /* SceneDelegate.h */,
				627AAB30259C25EE000127D7 /* SceneDelegate.m */,
				627AAB32259C25EE000127D7 /* ViewController.h */,
				627AAB33259C25EE000127D7 /* ViewController.m */,
				627AAB35259C25EE000127D7 /* Main.storyboard */,
				627AAB38259C25F0000127D7 /* Assets.xcassets */,
				627AAB3A259C25F0000127D7 /* LaunchScreen.storyboard */,
				627AAB3D259C25F0000127D7 /* Info.plist */,
				627AAB3E259C25F0000127D7 /* main.m */,
			);
			path = B_Category;
			sourceTree = "<group>";
		};
		627AAB47259C25F1000127D7 /* B_CategoryTests */ = {
			isa = PBXGroup;
			children = (
				627AAB48259C25F1000127D7 /* B_CategoryTests.m */,
				627AAB4A259C25F1000127D7 /* Info.plist */,
			);
			path = B_CategoryTests;
			sourceTree = "<group>";
		};
		627AAB52259C25F1000127D7 /* B_CategoryUITests */ = {
			isa = PBXGroup;
			children = (
				627AAB53259C25F1000127D7 /* B_CategoryUITests.m */,
				627AAB55259C25F1000127D7 /* Info.plist */,
			);
			path = B_CategoryUITests;
			sourceTree = "<group>";
		};
/* End PBXGroup section */

/* Begin PBXNativeTarget section */
		627AAB28259C25EE000127D7 /* B_Category */ = {
			isa = PBXNativeTarget;
			buildConfigurationList = 627AAB58259C25F1000127D7 /* Build configuration list for PBXNativeTarget "B_Category" */;
			buildPhases = (
				627AAB25259C25EE000127D7 /* Sources */,
				627AAB26259C25EE000127D7 /* Frameworks */,
				627AAB27259C25EE000127D7 /* Resources */,
			);
			buildRules = (
			);
			dependencies = (
			);
			name = B_Category;
			productName = B_Category;
			productReference = 627AAB29259C25EE000127D7 /* B_Category.app */;
			productType = "com.apple.product-type.application";
		};
		627AAB43259C25F1000127D7 /* B_CategoryTests */ = {
			isa = PBXNativeTarget;
			buildConfigurationList = 627AAB5B259C25F1000127D7 /* Build configuration list for PBXNativeTarget "B_CategoryTests" */;
			buildPhases = (
				627AAB40259C25F1000127D7 /* Sources */,
				627AAB41259C25F1000127D7 /* Frameworks */,
				627AAB42259C25F1000127D7 /* Resources */,
			);
			buildRules = (
			);
			dependencies = (
				627AAB46259C25F1000127D7 /* PBXTargetDependency */,
			);
			name = B_CategoryTests;
			productName = B_CategoryTests;
			productReference = 627AAB44259C25F1000127D7 /* B_CategoryTests.xctest */;
			productType = "com.apple.product-type.bundle.unit-test";
		};
		627AAB4E259C25F1000127D7 /* B_CategoryUITests */ = {
			isa = PBXNativeTarget;
			buildConfigurationList = 627AAB5E259C25F1000127D7 /* Build configuration list for PBXNativeTarget "B_CategoryUITests" */;
			buildPhases = (
				627AAB4B259C25F1000127D7 /* Sources */,
				627AAB4C259C25F1000127D7 /* Frameworks */,
				627AAB4D259C25F1000127D7 /* Resources */,
			);
			buildRules = (
			);
			dependencies = (
				627AAB51259C25F1000127D7 /* PBXTargetDependency */,
			);
			name = B_CategoryUITests;
			productName = B_CategoryUITests;
			productReference = 627AAB4F259C25F1000127D7 /* B_CategoryUITests.xctest */;
			productType = "com.apple.product-type.bundle.ui-testing";
		};
/* End PBXNativeTarget section */

/* Begin PBXProject section */
		627AAB21259C25EE000127D7 /* Project object */ = {
			isa = PBXProject;
			attributes = {
				LastUpgradeCheck = 1210;
				TargetAttributes = {
					627AAB28259C25EE000127D7 = {
						CreatedOnToolsVersion = 12.1;
					};
					627AAB43259C25F1000127D7 = {
						CreatedOnToolsVersion = 12.1;
						TestTargetID = 627AAB28259C25EE000127D7;
					};
					627AAB4E259C25F1000127D7 = {
						CreatedOnToolsVersion = 12.1;
						TestTargetID = 627AAB28259C25EE000127D7;
					};
				};
			};
			buildConfigurationList = 627AAB24259C25EE000127D7 /* Build configuration list for PBXProject "B_Category" */;
			compatibilityVersion = "Xcode 9.3";
			developmentRegion = en;
			hasScannedForEncodings = 0;
			knownRegions = (
				en,
				Base,
			);
			mainGroup = 627AAB20259C25EE000127D7;
			productRefGroup = 627AAB2A259C25EE000127D7 /* Products */;
			projectDirPath = "";
			projectRoot = "";
			targets = (
				627AAB28259C25EE000127D7 /* B_Category */,
				627AAB43259C25F1000127D7 /* B_CategoryTests */,
				627AAB4E259C25F1000127D7 /* B_CategoryUITests */,
			);
		};
/* End PBXProject section */

/* Begin PBXResourcesBuildPhase section */
		627AAB27259C25EE000127D7 /* Resources */ = {
			isa = PBXResourcesBuildPhase;
			buildActionMask = 2147483647;
			files = (
				627AAB3C259C25F0000127D7 /* LaunchScreen.storyboard in Resources */,
				627AAB39259C25F0000127D7 /* Assets.xcassets in Resources */,
				627AAB37259C25EE000127D7 /* Main.storyboard in Resources */,
			);
			runOnlyForDeploymentPostprocessing = 0;
		};
		627AAB42259C25F1000127D7 /* Resources */ = {
			isa = PBXResourcesBuildPhase;
			buildActionMask = 2147483647;
			files = (
			);
			runOnlyForDeploymentPostprocessing = 0;
		};
		627AAB4D259C25F1000127D7 /* Resources */ = {
			isa = PBXResourcesBuildPhase;
			buildActionMask = 2147483647;
			files = (
			);
			runOnlyForDeploymentPostprocessing = 0;
		};
/* End PBXResourcesBuildPhase section */

/* Begin PBXSourcesBuildPhase section */
		627AAB25259C25EE000127D7 /* Sources */ = {
			isa = PBXSourcesBuildPhase;
			buildActionMask = 2147483647;
			files = (
				627AAB34259C25EE000127D7 /* ViewController.m in Sources */,
				627AAB2E259C25EE000127D7 /* AppDelegate.m in Sources */,
				627AAB3F259C25F0000127D7 /* main.m in Sources */,
				627AAB31259C25EE000127D7 /* SceneDelegate.m in Sources */,
			);
			runOnlyForDeploymentPostprocessing = 0;
		};
		627AAB40259C25F1000127D7 /* Sources */ = {
			isa = PBXSourcesBuildPhase;
			buildActionMask = 2147483647;
			files = (
				627AAB49259C25F1000127D7 /* B_CategoryTests.m in Sources */,
			);
			runOnlyForDeploymentPostprocessing = 0;
		};
		627AAB4B259C25F1000127D7 /* Sources */ = {
			isa = PBXSourcesBuildPhase;
			buildActionMask = 2147483647;
			files = (
				627AAB54259C25F1000127D7 /* B_CategoryUITests.m in Sources */,
			);
			runOnlyForDeploymentPostprocessing = 0;
		};
/* End PBXSourcesBuildPhase section */

/* Begin PBXTargetDependency section */
		627AAB46259C25F1000127D7 /* PBXTargetDependency */ = {
			isa = PBXTargetDependency;
			target = 627AAB28259C25EE000127D7 /* B_Category */;
			targetProxy = 627AAB45259C25F1000127D7 /* PBXContainerItemProxy */;
		};
		627AAB51259C25F1000127D7 /* PBXTargetDependency */ = {
			isa = PBXTargetDependency;
			target = 627AAB28259C25EE000127D7 /* B_Category */;
			targetProxy = 627AAB50259C25F1000127D7 /* PBXContainerItemProxy */;
		};
/* End PBXTargetDependency section */

/* Begin PBXVariantGroup section */
		627AAB35259C25EE000127D7 /* Main.storyboard */ = {
			isa = PBXVariantGroup;
			children = (
				627AAB36259C25EE000127D7 /* Base */,
			);
			name = Main.storyboard;
			sourceTree = "<group>";
		};
		627AAB3A259C25F0000127D7 /* LaunchScreen.storyboard */ = {
			isa = PBXVariantGroup;
			children = (
				627AAB3B259C25F0000127D7 /* Base */,
			);
			name = LaunchScreen.storyboard;
			sourceTree = "<group>";
		};
/* End PBXVariantGroup section */

/* Begin XCBuildConfiguration section */
		627AAB56259C25F1000127D7 /* Debug */ = {
			isa = XCBuildConfiguration;
			buildSettings = {
				ALWAYS_SEARCH_USER_PATHS = NO;
				CLANG_ANALYZER_NONNULL = YES;
				CLANG_ANALYZER_NUMBER_OBJECT_CONVERSION = YES_AGGRESSIVE;
				CLANG_CXX_LANGUAGE_STANDARD = "gnu++14";
				CLANG_CXX_LIBRARY = "libc++";
				CLANG_ENABLE_MODULES = YES;
				CLANG_ENABLE_OBJC_ARC = YES;
				CLANG_ENABLE_OBJC_WEAK = YES;
				CLANG_WARN_BLOCK_CAPTURE_AUTORELEASING = YES;
				CLANG_WARN_BOOL_CONVERSION = YES;
				CLANG_WARN_COMMA = YES;
				CLANG_WARN_CONSTANT_CONVERSION = YES;
				CLANG_WARN_DEPRECATED_OBJC_IMPLEMENTATIONS = YES;
				CLANG_WARN_DIRECT_OBJC_ISA_USAGE = YES_ERROR;
				CLANG_WARN_DOCUMENTATION_COMMENTS = YES;
				CLANG_WARN_EMPTY_BODY = YES;
				CLANG_WARN_ENUM_CONVERSION = YES;
				CLANG_WARN_INFINITE_RECURSION = YES;
				CLANG_WARN_INT_CONVERSION = YES;
				CLANG_WARN_NON_LITERAL_NULL_CONVERSION = YES;
				CLANG_WARN_OBJC_IMPLICIT_RETAIN_SELF = YES;
				CLANG_WARN_OBJC_LITERAL_CONVERSION = YES;
				CLANG_WARN_OBJC_ROOT_CLASS = YES_ERROR;
				CLANG_WARN_QUOTED_INCLUDE_IN_FRAMEWORK_HEADER = YES;
				CLANG_WARN_RANGE_LOOP_ANALYSIS = YES;
				CLANG_WARN_STRICT_PROTOTYPES = YES;
				CLANG_WARN_SUSPICIOUS_MOVE = YES;
				CLANG_WARN_UNGUARDED_AVAILABILITY = YES_AGGRESSIVE;
				CLANG_WARN_UNREACHABLE_CODE = YES;
				CLANG_WARN__DUPLICATE_METHOD_MATCH = YES;
				COPY_PHASE_STRIP = NO;
				DEBUG_INFORMATION_FORMAT = dwarf;
				ENABLE_STRICT_OBJC_MSGSEND = YES;
				ENABLE_TESTABILITY = YES;
				GCC_C_LANGUAGE_STANDARD = gnu11;
				GCC_DYNAMIC_NO_PIC = NO;
				GCC_NO_COMMON_BLOCKS = YES;
				GCC_OPTIMIZATION_LEVEL = 0;
				GCC_PREPROCESSOR_DEFINITIONS = (
					"DEBUG=1",
					"$(inherited)",
				);
				GCC_WARN_64_TO_32_BIT_CONVERSION = YES;
				GCC_WARN_ABOUT_RETURN_TYPE = YES_ERROR;
				GCC_WARN_UNDECLARED_SELECTOR = YES;
				GCC_WARN_UNINITIALIZED_AUTOS = YES_AGGRESSIVE;
				GCC_WARN_UNUSED_FUNCTION = YES;
				GCC_WARN_UNUSED_VARIABLE = YES;
				IPHONEOS_DEPLOYMENT_TARGET = 14.1;
				MTL_ENABLE_DEBUG_INFO = INCLUDE_SOURCE;
				MTL_FAST_MATH = YES;
				ONLY_ACTIVE_ARCH = YES;
				SDKROOT = iphoneos;
			};
			name = Debug;
		};
		627AAB57259C25F1000127D7 /* Release */ = {
			isa = XCBuildConfiguration;
			buildSettings = {
				ALWAYS_SEARCH_USER_PATHS = NO;
				CLANG_ANALYZER_NONNULL = YES;
				CLANG_ANALYZER_NUMBER_OBJECT_CONVERSION = YES_AGGRESSIVE;
				CLANG_CXX_LANGUAGE_STANDARD = "gnu++14";
				CLANG_CXX_LIBRARY = "libc++";
				CLANG_ENABLE_MODULES = YES;
				CLANG_ENABLE_OBJC_ARC = YES;
				CLANG_ENABLE_OBJC_WEAK = YES;
				CLANG_WARN_BLOCK_CAPTURE_AUTORELEASING = YES;
				CLANG_WARN_BOOL_CONVERSION = YES;
				CLANG_WARN_COMMA = YES;
				CLANG_WARN_CONSTANT_CONVERSION = YES;
				CLANG_WARN_DEPRECATED_OBJC_IMPLEMENTATIONS = YES;
				CLANG_WARN_DIRECT_OBJC_ISA_USAGE = YES_ERROR;
				CLANG_WARN_DOCUMENTATION_COMMENTS = YES;
				CLANG_WARN_EMPTY_BODY = YES;
				CLANG_WARN_ENUM_CONVERSION = YES;
				CLANG_WARN_INFINITE_RECURSION = YES;
				CLANG_WARN_INT_CONVERSION = YES;
				CLANG_WARN_NON_LITERAL_NULL_CONVERSION = YES;
				CLANG_WARN_OBJC_IMPLICIT_RETAIN_SELF = YES;
				CLANG_WARN_OBJC_LITERAL_CONVERSION = YES;
				CLANG_WARN_OBJC_ROOT_CLASS = YES_ERROR;
				CLANG_WARN_QUOTED_INCLUDE_IN_FRAMEWORK_HEADER = YES;
				CLANG_WARN_RANGE_LOOP_ANALYSIS = YES;
				CLANG_WARN_STRICT_PROTOTYPES = YES;
				CLANG_WARN_SUSPICIOUS_MOVE = YES;
				CLANG_WARN_UNGUARDED_AVAILABILITY = YES_AGGRESSIVE;
				CLANG_WARN_UNREACHABLE_CODE = YES;
				CLANG_WARN__DUPLICATE_METHOD_MATCH = YES;
				COPY_PHASE_STRIP = NO;
				DEBUG_INFORMATION_FORMAT = "dwarf-with-dsym";
				ENABLE_NS_ASSERTIONS = NO;
				ENABLE_STRICT_OBJC_MSGSEND = YES;
				GCC_C_LANGUAGE_STANDARD = gnu11;
				GCC_NO_COMMON_BLOCKS = YES;
				GCC_WARN_64_TO_32_BIT_CONVERSION = YES;
				GCC_WARN_ABOUT_RETURN_TYPE = YES_ERROR;
				GCC_WARN_UNDECLARED_SELECTOR = YES;
				GCC_WARN_UNINITIALIZED_AUTOS = YES_AGGRESSIVE;
				GCC_WARN_UNUSED_FUNCTION = YES;
				GCC_WARN_UNUSED_VARIABLE = YES;
				IPHONEOS_DEPLOYMENT_TARGET = 14.1;
				MTL_ENABLE_DEBUG_INFO = NO;
				MTL_FAST_MATH = YES;
				SDKROOT = iphoneos;
				VALIDATE_PRODUCT = YES;
			};
			name = Release;
		};
		627AAB59259C25F1000127D7 /* Debug */ = {
			isa = XCBuildConfiguration;
			buildSettings = {
				ASSETCATALOG_COMPILER_APPICON_NAME = AppIcon;
				ASSETCATALOG_COMPILER_GLOBAL_ACCENT_COLOR_NAME = AccentColor;
				CODE_SIGN_STYLE = Automatic;
				INFOPLIST_FILE = B_Category/Info.plist;
				LD_RUNPATH_SEARCH_PATHS = (
					"$(inherited)",
					"@executable_path/Frameworks",
				);
				PRODUCT_BUNDLE_IDENTIFIER = "FS.B-Category";
				PRODUCT_NAME = "$(TARGET_NAME)";
				TARGETED_DEVICE_FAMILY = "1,2";
			};
			name = Debug;
		};
		627AAB5A259C25F1000127D7 /* Release */ = {
			isa = XCBuildConfiguration;
			buildSettings = {
				ASSETCATALOG_COMPILER_APPICON_NAME = AppIcon;
				ASSETCATALOG_COMPILER_GLOBAL_ACCENT_COLOR_NAME = AccentColor;
				CODE_SIGN_STYLE = Automatic;
				INFOPLIST_FILE = B_Category/Info.plist;
				LD_RUNPATH_SEARCH_PATHS = (
					"$(inherited)",
					"@executable_path/Frameworks",
				);
				PRODUCT_BUNDLE_IDENTIFIER = "FS.B-Category";
				PRODUCT_NAME = "$(TARGET_NAME)";
				TARGETED_DEVICE_FAMILY = "1,2";
			};
			name = Release;
		};
		627AAB5C259C25F1000127D7 /* Debug */ = {
			isa = XCBuildConfiguration;
			buildSettings = {
				BUNDLE_LOADER = "$(TEST_HOST)";
				CODE_SIGN_STYLE = Automatic;
				INFOPLIST_FILE = B_CategoryTests/Info.plist;
				IPHONEOS_DEPLOYMENT_TARGET = 14.1;
				LD_RUNPATH_SEARCH_PATHS = (
					"$(inherited)",
					"@executable_path/Frameworks",
					"@loader_path/Frameworks",
				);
				PRODUCT_BUNDLE_IDENTIFIER = "FS.B-CategoryTests";
				PRODUCT_NAME = "$(TARGET_NAME)";
				TARGETED_DEVICE_FAMILY = "1,2";
				TEST_HOST = "$(BUILT_PRODUCTS_DIR)/B_Category.app/B_Category";
			};
			name = Debug;
		};
		627AAB5D259C25F1000127D7 /* Release */ = {
			isa = XCBuildConfiguration;
			buildSettings = {
				BUNDLE_LOADER = "$(TEST_HOST)";
				CODE_SIGN_STYLE = Automatic;
				INFOPLIST_FILE = B_CategoryTests/Info.plist;
				IPHONEOS_DEPLOYMENT_TARGET = 14.1;
				LD_RUNPATH_SEARCH_PATHS = (
					"$(inherited)",
					"@executable_path/Frameworks",
					"@loader_path/Frameworks",
				);
				PRODUCT_BUNDLE_IDENTIFIER = "FS.B-CategoryTests";
				PRODUCT_NAME = "$(TARGET_NAME)";
				TARGETED_DEVICE_FAMILY = "1,2";
				TEST_HOST = "$(BUILT_PRODUCTS_DIR)/B_Category.app/B_Category";
			};
			name = Release;
		};
		627AAB5F259C25F1000127D7 /* Debug */ = {
			isa = XCBuildConfiguration;
			buildSettings = {
				CODE_SIGN_STYLE = Automatic;
				INFOPLIST_FILE = B_CategoryUITests/Info.plist;
				LD_RUNPATH_SEARCH_PATHS = (
					"$(inherited)",
					"@executable_path/Frameworks",
					"@loader_path/Frameworks",
				);
				PRODUCT_BUNDLE_IDENTIFIER = "FS.B-CategoryUITests";
				PRODUCT_NAME = "$(TARGET_NAME)";
				TARGETED_DEVICE_FAMILY = "1,2";
				TEST_TARGET_NAME = B_Category;
			};
			name = Debug;
		};
		627AAB60259C25F1000127D7 /* Release */ = {
			isa = XCBuildConfiguration;
			buildSettings = {
				CODE_SIGN_STYLE = Automatic;
				INFOPLIST_FILE = B_CategoryUITests/Info.plist;
				LD_RUNPATH_SEARCH_PATHS = (
					"$(inherited)",
					"@executable_path/Frameworks",
					"@loader_path/Frameworks",
				);
				PRODUCT_BUNDLE_IDENTIFIER = "FS.B-CategoryUITests";
				PRODUCT_NAME = "$(TARGET_NAME)";
				TARGETED_DEVICE_FAMILY = "1,2";
				TEST_TARGET_NAME = B_Category;
			};
			name = Release;
		};
/* End XCBuildConfiguration section */

/* Begin XCConfigurationList section */
		627AAB24259C25EE000127D7 /* Build configuration list for PBXProject "B_Category" */ = {
			isa = XCConfigurationList;
			buildConfigurations = (
				627AAB56259C25F1000127D7 /* Debug */,
				627AAB57259C25F1000127D7 /* Release */,
			);
			defaultConfigurationIsVisible = 0;
			defaultConfigurationName = Release;
		};
		627AAB58259C25F1000127D7 /* Build configuration list for PBXNativeTarget "B_Category" */ = {
			isa = XCConfigurationList;
			buildConfigurations = (
				627AAB59259C25F1000127D7 /* Debug */,
				627AAB5A259C25F1000127D7 /* Release */,
			);
			defaultConfigurationIsVisible = 0;
			defaultConfigurationName = Release;
		};
		627AAB5B259C25F1000127D7 /* Build configuration list for PBXNativeTarget "B_CategoryTests" */ = {
			isa = XCConfigurationList;
			buildConfigurations = (
				627AAB5C259C25F1000127D7 /* Debug */,
				627AAB5D259C25F1000127D7 /* Release */,
			);
			defaultConfigurationIsVisible = 0;
			defaultConfigurationName = Release;
		};
		627AAB5E259C25F1000127D7 /* Build configuration list for PBXNativeTarget "B_CategoryUITests" */ = {
			isa = XCConfigurationList;
			buildConfigurations = (
				627AAB5F259C25F1000127D7 /* Debug */,
				627AAB60259C25F1000127D7 /* Release */,
			);
			defaultConfigurationIsVisible = 0;
			defaultConfigurationName = Release;
		};
/* End XCConfigurationList section */
	};
	rootObject = 627AAB21259C25EE000127D7 /* Project object */;
}
